// !$*UTF8*$!
{
	archiveVersion = 1;
	classes = {
	};
	objectVersion = 48;
	objects = {

/* Begin PBXBuildFile section */
		01F38764207F3CF600A34149 /* HomeViewControler.swift in Sources */ = {isa = PBXBuildFile; fileRef = 01F38763207F3CF600A34149 /* HomeViewControler.swift */; };
		01F38766207F3D0500A34149 /* FormViewController.swift in Sources */ = {isa = PBXBuildFile; fileRef = 01F38765207F3D0500A34149 /* FormViewController.swift */; };
		01F38768207F3E2900A34149 /* SearchViewController.swift in Sources */ = {isa = PBXBuildFile; fileRef = 01F38767207F3E2900A34149 /* SearchViewController.swift */; };
		34082A2A500E80686210DFBD /* Pods_Apatite.framework in Frameworks */ = {isa = PBXBuildFile; fileRef = 689EBDBAC65E61EF10FB8BD3 /* Pods_Apatite.framework */; };
		6293D2A80E851DCBC539A13D /* Pods_ApatiteUITests.framework in Frameworks */ = {isa = PBXBuildFile; fileRef = A17FC7193BFD06B4DEDD9B28 /* Pods_ApatiteUITests.framework */; };
		A606EDAD43747AEA6600482A /* Pods_ApatiteTests.framework in Frameworks */ = {isa = PBXBuildFile; fileRef = B8C6BAED0218F6EBB6F75F14 /* Pods_ApatiteTests.framework */; };
		CA35F4B9208814BE00148945 /* Extention.swift in Sources */ = {isa = PBXBuildFile; fileRef = CA35F4B8208814BE00148945 /* Extention.swift */; };
		D500C276205C27B500637752 /* SignUpViewController.swift in Sources */ = {isa = PBXBuildFile; fileRef = D500C275205C27B500637752 /* SignUpViewController.swift */; };
		D515B9492056CA8F00CAE5C7 /* AppDelegate.swift in Sources */ = {isa = PBXBuildFile; fileRef = D515B9482056CA8F00CAE5C7 /* AppDelegate.swift */; };
		D515B94B2056CA8F00CAE5C7 /* ViewController.swift in Sources */ = {isa = PBXBuildFile; fileRef = D515B94A2056CA8F00CAE5C7 /* ViewController.swift */; };
		D515B94E2056CA8F00CAE5C7 /* Main.storyboard in Resources */ = {isa = PBXBuildFile; fileRef = D515B94C2056CA8F00CAE5C7 /* Main.storyboard */; };
		D515B9532056CA8F00CAE5C7 /* LaunchScreen.storyboard in Resources */ = {isa = PBXBuildFile; fileRef = D515B9512056CA8F00CAE5C7 /* LaunchScreen.storyboard */; };
		D515B95E2056CA8F00CAE5C7 /* ApatiteTests.swift in Sources */ = {isa = PBXBuildFile; fileRef = D515B95D2056CA8F00CAE5C7 /* ApatiteTests.swift */; };
		D515B9692056CA8F00CAE5C7 /* ApatiteUITests.swift in Sources */ = {isa = PBXBuildFile; fileRef = D515B9682056CA8F00CAE5C7 /* ApatiteUITests.swift */; };
		D51A13BC2073F2A100C9B28F /* AddNewProductViewController.swift in Sources */ = {isa = PBXBuildFile; fileRef = D51A13BB2073F2A100C9B28F /* AddNewProductViewController.swift */; };
		D5259CF62087A52200A68CA4 /* ChangePassViewController.swift in Sources */ = {isa = PBXBuildFile; fileRef = D5259CF52087A52200A68CA4 /* ChangePassViewController.swift */; };
		D5259CF82087A56C00A68CA4 /* MyDetailsViewController.swift in Sources */ = {isa = PBXBuildFile; fileRef = D5259CF72087A56C00A68CA4 /* MyDetailsViewController.swift */; };
		D54491502070BD770033B3A3 /* TabBarViewController.swift in Sources */ = {isa = PBXBuildFile; fileRef = D544914F2070BD770033B3A3 /* TabBarViewController.swift */; };
		D54DA3532067FF9700B9A079 /* Assets.xcassets in Resources */ = {isa = PBXBuildFile; fileRef = D54DA3522067FF9700B9A079 /* Assets.xcassets */; };
		D556108C2076C1F4005C5E6E /* MyProductsTableViewController.swift in Sources */ = {isa = PBXBuildFile; fileRef = D556108B2076C1F4005C5E6E /* MyProductsTableViewController.swift */; };
		D5775228205D1BF400370969 /* Poppins-Light.ttf in Resources */ = {isa = PBXBuildFile; fileRef = D5775227205D1B3C00370969 /* Poppins-Light.ttf */; };
		D577522A205D1CFB00370969 /* Poppins-Bold.ttf in Resources */ = {isa = PBXBuildFile; fileRef = D5775229205D1CFA00370969 /* Poppins-Bold.ttf */; };
		D577522C205D6C4D00370969 /* LoginViewController.swift in Sources */ = {isa = PBXBuildFile; fileRef = D577522B205D6C4D00370969 /* LoginViewController.swift */; };
		D577522E205D7D2400370969 /* ResetPasswordViewController.swift in Sources */ = {isa = PBXBuildFile; fileRef = D577522D205D7D2400370969 /* ResetPasswordViewController.swift */; };
		D588AD4A2067D1A50077956D /* TableViewCell.swift in Sources */ = {isa = PBXBuildFile; fileRef = D588AD482067D1A50077956D /* TableViewCell.swift */; };
		D588AD4B2067D1A50077956D /* TableViewCell.xib in Resources */ = {isa = PBXBuildFile; fileRef = D588AD492067D1A50077956D /* TableViewCell.xib */; };
		D59A6A93207B6EA8008FF417 /* GoogleService-Info.plist in Resources */ = {isa = PBXBuildFile; fileRef = D59A6A92207B6EA8008FF417 /* GoogleService-Info.plist */; };
		D5A05095207189F400B45F68 /* AddToBagViewController.swift in Sources */ = {isa = PBXBuildFile; fileRef = D5A05094207189F400B45F68 /* AddToBagViewController.swift */; };
		D5A05097207211E300B45F68 /* AddNewAdminViewController.swift in Sources */ = {isa = PBXBuildFile; fileRef = D5A05096207211E300B45F68 /* AddNewAdminViewController.swift */; };
		D5C00A1E2076C4440081F9F4 /* UserAccountTableViewController.swift in Sources */ = {isa = PBXBuildFile; fileRef = D5C00A1D2076C4440081F9F4 /* UserAccountTableViewController.swift */; };
		D5C7A209206102DB00E08CD0 /* UserAccountViewController.swift in Sources */ = {isa = PBXBuildFile; fileRef = D5C7A208206102DB00E08CD0 /* UserAccountViewController.swift */; };
		D5D83365206E71C50099B965 /* AccountNotLogInViewController.swift in Sources */ = {isa = PBXBuildFile; fileRef = D5D83364206E71C50099B965 /* AccountNotLogInViewController.swift */; };
		D5DD04902074C70C00C2A9DA /* ProductsTableViewController.swift in Sources */ = {isa = PBXBuildFile; fileRef = D5DD048F2074C70C00C2A9DA /* ProductsTableViewController.swift */; };
		D5DD04922074C8D100C2A9DA /* Products.swift in Sources */ = {isa = PBXBuildFile; fileRef = D5DD04912074C8D100C2A9DA /* Products.swift */; };
		D5EE5EE3207F36BC0064B5A6 /* ProductsRequestTableViewController.swift in Sources */ = {isa = PBXBuildFile; fileRef = D5EE5EE2207F36BC0064B5A6 /* ProductsRequestTableViewController.swift */; };
/* End PBXBuildFile section */

/* Begin PBXContainerItemProxy section */
		D515B95A2056CA8F00CAE5C7 /* PBXContainerItemProxy */ = {
			isa = PBXContainerItemProxy;
			containerPortal = D515B93D2056CA8E00CAE5C7 /* Project object */;
			proxyType = 1;
			remoteGlobalIDString = D515B9442056CA8F00CAE5C7;
			remoteInfo = Apatite;
		};
		D515B9652056CA8F00CAE5C7 /* PBXContainerItemProxy */ = {
			isa = PBXContainerItemProxy;
			containerPortal = D515B93D2056CA8E00CAE5C7 /* Project object */;
			proxyType = 1;
			remoteGlobalIDString = D515B9442056CA8F00CAE5C7;
			remoteInfo = Apatite;
		};
/* End PBXContainerItemProxy section */

/* Begin PBXFileReference section */
		01F38763207F3CF600A34149 /* HomeViewControler.swift */ = {isa = PBXFileReference; fileEncoding = 4; lastKnownFileType = sourcecode.swift; path = HomeViewControler.swift; sourceTree = "<group>"; };
		01F38765207F3D0500A34149 /* FormViewController.swift */ = {isa = PBXFileReference; fileEncoding = 4; lastKnownFileType = sourcecode.swift; path = FormViewController.swift; sourceTree = "<group>"; };
		01F38767207F3E2900A34149 /* SearchViewController.swift */ = {isa = PBXFileReference; fileEncoding = 4; lastKnownFileType = sourcecode.swift; path = SearchViewController.swift; sourceTree = "<group>"; };
		35D1690742B82EE998F99147 /* Pods-ApatiteUITests.release.xcconfig */ = {isa = PBXFileReference; includeInIndex = 1; lastKnownFileType = text.xcconfig; name = "Pods-ApatiteUITests.release.xcconfig"; path = "Pods/Target Support Files/Pods-ApatiteUITests/Pods-ApatiteUITests.release.xcconfig"; sourceTree = "<group>"; };
		369B9B04FC9F0FBEB26B02CA /* Pods-ApatiteTests.debug.xcconfig */ = {isa = PBXFileReference; includeInIndex = 1; lastKnownFileType = text.xcconfig; name = "Pods-ApatiteTests.debug.xcconfig"; path = "Pods/Target Support Files/Pods-ApatiteTests/Pods-ApatiteTests.debug.xcconfig"; sourceTree = "<group>"; };
		467961E02371C907C0164FA6 /* Pods-ApatiteUITests.debug.xcconfig */ = {isa = PBXFileReference; includeInIndex = 1; lastKnownFileType = text.xcconfig; name = "Pods-ApatiteUITests.debug.xcconfig"; path = "Pods/Target Support Files/Pods-ApatiteUITests/Pods-ApatiteUITests.debug.xcconfig"; sourceTree = "<group>"; };
		6572DA15516E6B44F5F246F4 /* Pods-ApatiteTests.release.xcconfig */ = {isa = PBXFileReference; includeInIndex = 1; lastKnownFileType = text.xcconfig; name = "Pods-ApatiteTests.release.xcconfig"; path = "Pods/Target Support Files/Pods-ApatiteTests/Pods-ApatiteTests.release.xcconfig"; sourceTree = "<group>"; };
		689EBDBAC65E61EF10FB8BD3 /* Pods_Apatite.framework */ = {isa = PBXFileReference; explicitFileType = wrapper.framework; includeInIndex = 0; path = Pods_Apatite.framework; sourceTree = BUILT_PRODUCTS_DIR; };
		68CFCD81037FBE519FBDF6EA /* Pods-Apatite.debug.xcconfig */ = {isa = PBXFileReference; includeInIndex = 1; lastKnownFileType = text.xcconfig; name = "Pods-Apatite.debug.xcconfig"; path = "Pods/Target Support Files/Pods-Apatite/Pods-Apatite.debug.xcconfig"; sourceTree = "<group>"; };
		70B80243B25B5C9220676BEA /* Pods-Apatite.release.xcconfig */ = {isa = PBXFileReference; includeInIndex = 1; lastKnownFileType = text.xcconfig; name = "Pods-Apatite.release.xcconfig"; path = "Pods/Target Support Files/Pods-Apatite/Pods-Apatite.release.xcconfig"; sourceTree = "<group>"; };
		A17FC7193BFD06B4DEDD9B28 /* Pods_ApatiteUITests.framework */ = {isa = PBXFileReference; explicitFileType = wrapper.framework; includeInIndex = 0; path = Pods_ApatiteUITests.framework; sourceTree = BUILT_PRODUCTS_DIR; };
		B8C6BAED0218F6EBB6F75F14 /* Pods_ApatiteTests.framework */ = {isa = PBXFileReference; explicitFileType = wrapper.framework; includeInIndex = 0; path = Pods_ApatiteTests.framework; sourceTree = BUILT_PRODUCTS_DIR; };
		CA35F4B8208814BE00148945 /* Extention.swift */ = {isa = PBXFileReference; lastKnownFileType = sourcecode.swift; path = Extention.swift; sourceTree = "<group>"; };
		D500C275205C27B500637752 /* SignUpViewController.swift */ = {isa = PBXFileReference; lastKnownFileType = sourcecode.swift; path = SignUpViewController.swift; sourceTree = "<group>"; };
		D515B9452056CA8F00CAE5C7 /* Apatite.app */ = {isa = PBXFileReference; explicitFileType = wrapper.application; includeInIndex = 0; path = Apatite.app; sourceTree = BUILT_PRODUCTS_DIR; };
		D515B9482056CA8F00CAE5C7 /* AppDelegate.swift */ = {isa = PBXFileReference; lastKnownFileType = sourcecode.swift; path = AppDelegate.swift; sourceTree = "<group>"; };
		D515B94A2056CA8F00CAE5C7 /* ViewController.swift */ = {isa = PBXFileReference; lastKnownFileType = sourcecode.swift; path = ViewController.swift; sourceTree = "<group>"; };
		D515B94D2056CA8F00CAE5C7 /* Base */ = {isa = PBXFileReference; lastKnownFileType = file.storyboard; name = Base; path = Base.lproj/Main.storyboard; sourceTree = "<group>"; };
		D515B9522056CA8F00CAE5C7 /* Base */ = {isa = PBXFileReference; lastKnownFileType = file.storyboard; name = Base; path = Base.lproj/LaunchScreen.storyboard; sourceTree = "<group>"; };
		D515B9542056CA8F00CAE5C7 /* Info.plist */ = {isa = PBXFileReference; lastKnownFileType = text.plist.xml; path = Info.plist; sourceTree = "<group>"; };
		D515B9592056CA8F00CAE5C7 /* ApatiteTests.xctest */ = {isa = PBXFileReference; explicitFileType = wrapper.cfbundle; includeInIndex = 0; path = ApatiteTests.xctest; sourceTree = BUILT_PRODUCTS_DIR; };
		D515B95D2056CA8F00CAE5C7 /* ApatiteTests.swift */ = {isa = PBXFileReference; lastKnownFileType = sourcecode.swift; path = ApatiteTests.swift; sourceTree = "<group>"; };
		D515B95F2056CA8F00CAE5C7 /* Info.plist */ = {isa = PBXFileReference; lastKnownFileType = text.plist.xml; path = Info.plist; sourceTree = "<group>"; };
		D515B9642056CA8F00CAE5C7 /* ApatiteUITests.xctest */ = {isa = PBXFileReference; explicitFileType = wrapper.cfbundle; includeInIndex = 0; path = ApatiteUITests.xctest; sourceTree = BUILT_PRODUCTS_DIR; };
		D515B9682056CA8F00CAE5C7 /* ApatiteUITests.swift */ = {isa = PBXFileReference; lastKnownFileType = sourcecode.swift; path = ApatiteUITests.swift; sourceTree = "<group>"; };
		D515B96A2056CA8F00CAE5C7 /* Info.plist */ = {isa = PBXFileReference; lastKnownFileType = text.plist.xml; path = Info.plist; sourceTree = "<group>"; };
		D51A13BB2073F2A100C9B28F /* AddNewProductViewController.swift */ = {isa = PBXFileReference; lastKnownFileType = sourcecode.swift; path = AddNewProductViewController.swift; sourceTree = "<group>"; };
		D5259CF52087A52200A68CA4 /* ChangePassViewController.swift */ = {isa = PBXFileReference; fileEncoding = 4; lastKnownFileType = sourcecode.swift; path = ChangePassViewController.swift; sourceTree = "<group>"; };
		D5259CF72087A56C00A68CA4 /* MyDetailsViewController.swift */ = {isa = PBXFileReference; fileEncoding = 4; lastKnownFileType = sourcecode.swift; path = MyDetailsViewController.swift; sourceTree = "<group>"; };
		D544914F2070BD770033B3A3 /* TabBarViewController.swift */ = {isa = PBXFileReference; lastKnownFileType = sourcecode.swift; path = TabBarViewController.swift; sourceTree = "<group>"; };
		D54DA3522067FF9700B9A079 /* Assets.xcassets */ = {isa = PBXFileReference; lastKnownFileType = folder.assetcatalog; path = Assets.xcassets; sourceTree = "<group>"; };
		D556108B2076C1F4005C5E6E /* MyProductsTableViewController.swift */ = {isa = PBXFileReference; lastKnownFileType = sourcecode.swift; path = MyProductsTableViewController.swift; sourceTree = "<group>"; };
		D5775227205D1B3C00370969 /* Poppins-Light.ttf */ = {isa = PBXFileReference; lastKnownFileType = file; path = "Poppins-Light.ttf"; sourceTree = "<group>"; };
		D5775229205D1CFA00370969 /* Poppins-Bold.ttf */ = {isa = PBXFileReference; lastKnownFileType = file; path = "Poppins-Bold.ttf"; sourceTree = "<group>"; };
		D577522B205D6C4D00370969 /* LoginViewController.swift */ = {isa = PBXFileReference; lastKnownFileType = sourcecode.swift; path = LoginViewController.swift; sourceTree = "<group>"; };
		D577522D205D7D2400370969 /* ResetPasswordViewController.swift */ = {isa = PBXFileReference; lastKnownFileType = sourcecode.swift; path = ResetPasswordViewController.swift; sourceTree = "<group>"; };
		D588AD482067D1A50077956D /* TableViewCell.swift */ = {isa = PBXFileReference; lastKnownFileType = sourcecode.swift; path = TableViewCell.swift; sourceTree = "<group>"; };
		D588AD492067D1A50077956D /* TableViewCell.xib */ = {isa = PBXFileReference; lastKnownFileType = file.xib; path = TableViewCell.xib; sourceTree = "<group>"; };
		D59A6A92207B6EA8008FF417 /* GoogleService-Info.plist */ = {isa = PBXFileReference; fileEncoding = 4; lastKnownFileType = text.plist.xml; path = "GoogleService-Info.plist"; sourceTree = "<group>"; };
		D5A05094207189F400B45F68 /* AddToBagViewController.swift */ = {isa = PBXFileReference; lastKnownFileType = sourcecode.swift; path = AddToBagViewController.swift; sourceTree = "<group>"; };
		D5A05096207211E300B45F68 /* AddNewAdminViewController.swift */ = {isa = PBXFileReference; lastKnownFileType = sourcecode.swift; path = AddNewAdminViewController.swift; sourceTree = "<group>"; };
		D5C00A1D2076C4440081F9F4 /* UserAccountTableViewController.swift */ = {isa = PBXFileReference; fileEncoding = 4; lastKnownFileType = sourcecode.swift; path = UserAccountTableViewController.swift; sourceTree = "<group>"; };
		D5C7A208206102DB00E08CD0 /* UserAccountViewController.swift */ = {isa = PBXFileReference; lastKnownFileType = sourcecode.swift; path = UserAccountViewController.swift; sourceTree = "<group>"; };
		D5D83364206E71C50099B965 /* AccountNotLogInViewController.swift */ = {isa = PBXFileReference; fileEncoding = 4; lastKnownFileType = sourcecode.swift; path = AccountNotLogInViewController.swift; sourceTree = "<group>"; };
		D5DD048F2074C70C00C2A9DA /* ProductsTableViewController.swift */ = {isa = PBXFileReference; lastKnownFileType = sourcecode.swift; path = ProductsTableViewController.swift; sourceTree = "<group>"; };
		D5DD04912074C8D100C2A9DA /* Products.swift */ = {isa = PBXFileReference; lastKnownFileType = sourcecode.swift; path = Products.swift; sourceTree = "<group>"; };
		D5EE5EE2207F36BC0064B5A6 /* ProductsRequestTableViewController.swift */ = {isa = PBXFileReference; lastKnownFileType = sourcecode.swift; path = ProductsRequestTableViewController.swift; sourceTree = "<group>"; };
/* End PBXFileReference section */

/* Begin PBXFrameworksBuildPhase section */
		D515B9422056CA8F00CAE5C7 /* Frameworks */ = {
			isa = PBXFrameworksBuildPhase;
			buildActionMask = 2147483647;
			files = (
				34082A2A500E80686210DFBD /* Pods_Apatite.framework in Frameworks */,
			);
			runOnlyForDeploymentPostprocessing = 0;
		};
		D515B9562056CA8F00CAE5C7 /* Frameworks */ = {
			isa = PBXFrameworksBuildPhase;
			buildActionMask = 2147483647;
			files = (
				A606EDAD43747AEA6600482A /* Pods_ApatiteTests.framework in Frameworks */,
			);
			runOnlyForDeploymentPostprocessing = 0;
		};
		D515B9612056CA8F00CAE5C7 /* Frameworks */ = {
			isa = PBXFrameworksBuildPhase;
			buildActionMask = 2147483647;
			files = (
				6293D2A80E851DCBC539A13D /* Pods_ApatiteUITests.framework in Frameworks */,
			);
			runOnlyForDeploymentPostprocessing = 0;
		};
/* End PBXFrameworksBuildPhase section */

/* Begin PBXGroup section */
		01A6BBBF207F9EBE0046AEED /* Home */ = {
			isa = PBXGroup;
			children = (
				01F38763207F3CF600A34149 /* HomeViewControler.swift */,
				01F38765207F3D0500A34149 /* FormViewController.swift */,
			);
			path = Home;
			sourceTree = "<group>";
		};
		7289372DB0EB7971235131A9 /* Frameworks */ = {
			isa = PBXGroup;
			children = (
				689EBDBAC65E61EF10FB8BD3 /* Pods_Apatite.framework */,
				B8C6BAED0218F6EBB6F75F14 /* Pods_ApatiteTests.framework */,
				A17FC7193BFD06B4DEDD9B28 /* Pods_ApatiteUITests.framework */,
			);
			name = Frameworks;
			sourceTree = "<group>";
		};
		CC05838431E56C5840FC851F /* Pods */ = {
			isa = PBXGroup;
			children = (
				68CFCD81037FBE519FBDF6EA /* Pods-Apatite.debug.xcconfig */,
				70B80243B25B5C9220676BEA /* Pods-Apatite.release.xcconfig */,
				369B9B04FC9F0FBEB26B02CA /* Pods-ApatiteTests.debug.xcconfig */,
				6572DA15516E6B44F5F246F4 /* Pods-ApatiteTests.release.xcconfig */,
				467961E02371C907C0164FA6 /* Pods-ApatiteUITests.debug.xcconfig */,
				35D1690742B82EE998F99147 /* Pods-ApatiteUITests.release.xcconfig */,
			);
			name = Pods;
			sourceTree = "<group>";
		};
		D515B93C2056CA8E00CAE5C7 = {
			isa = PBXGroup;
			children = (
				D515B9472056CA8F00CAE5C7 /* Apatite */,
				D515B95C2056CA8F00CAE5C7 /* ApatiteTests */,
				D515B9672056CA8F00CAE5C7 /* ApatiteUITests */,
				D515B9462056CA8F00CAE5C7 /* Products */,
				CC05838431E56C5840FC851F /* Pods */,
				7289372DB0EB7971235131A9 /* Frameworks */,
			);
			sourceTree = "<group>";
		};
		D515B9462056CA8F00CAE5C7 /* Products */ = {
			isa = PBXGroup;
			children = (
				D515B9452056CA8F00CAE5C7 /* Apatite.app */,
				D515B9592056CA8F00CAE5C7 /* ApatiteTests.xctest */,
				D515B9642056CA8F00CAE5C7 /* ApatiteUITests.xctest */,
			);
			name = Products;
			sourceTree = "<group>";
		};
		D515B9472056CA8F00CAE5C7 /* Apatite */ = {
			isa = PBXGroup;
			children = (
				D5EE5EE4207F376E0064B5A6 /* AdminView */,
				D556108D2076C20F005C5E6E /* UsersView */,
				D588AD472067D1540077956D /* cell */,
				D515B9482056CA8F00CAE5C7 /* AppDelegate.swift */,
				D515B94A2056CA8F00CAE5C7 /* ViewController.swift */,
				D544914F2070BD770033B3A3 /* TabBarViewController.swift */,
				D5A05094207189F400B45F68 /* AddToBagViewController.swift */,
				D54DA3522067FF9700B9A079 /* Assets.xcassets */,
				CA35F4B8208814BE00148945 /* Extention.swift */,
				D515B94C2056CA8F00CAE5C7 /* Main.storyboard */,
				01F38767207F3E2900A34149 /* SearchViewController.swift */,
				01A6BBBF207F9EBE0046AEED /* Home */,
				D515B9512056CA8F00CAE5C7 /* LaunchScreen.storyboard */,
				D59A6A92207B6EA8008FF417 /* GoogleService-Info.plist */,
				D515B9542056CA8F00CAE5C7 /* Info.plist */,
				D5775227205D1B3C00370969 /* Poppins-Light.ttf */,
				D5775229205D1CFA00370969 /* Poppins-Bold.ttf */,
			);
			path = Apatite;
			sourceTree = "<group>";
		};
		D515B95C2056CA8F00CAE5C7 /* ApatiteTests */ = {
			isa = PBXGroup;
			children = (
				D515B95D2056CA8F00CAE5C7 /* ApatiteTests.swift */,
				D515B95F2056CA8F00CAE5C7 /* Info.plist */,
			);
			path = ApatiteTests;
			sourceTree = "<group>";
		};
		D515B9672056CA8F00CAE5C7 /* ApatiteUITests */ = {
			isa = PBXGroup;
			children = (
				D515B9682056CA8F00CAE5C7 /* ApatiteUITests.swift */,
				D515B96A2056CA8F00CAE5C7 /* Info.plist */,
			);
			path = ApatiteUITests;
			sourceTree = "<group>";
		};
		D556108D2076C20F005C5E6E /* UsersView */ = {
			isa = PBXGroup;
			children = (
				D5C7A208206102DB00E08CD0 /* UserAccountViewController.swift */,
				D5C00A1D2076C4440081F9F4 /* UserAccountTableViewController.swift */,
				D577522B205D6C4D00370969 /* LoginViewController.swift */,
				D5259CF72087A56C00A68CA4 /* MyDetailsViewController.swift */,
				D5259CF52087A52200A68CA4 /* ChangePassViewController.swift */,
				D500C275205C27B500637752 /* SignUpViewController.swift */,
				D577522D205D7D2400370969 /* ResetPasswordViewController.swift */,
				D556108B2076C1F4005C5E6E /* MyProductsTableViewController.swift */,
				D5D83364206E71C50099B965 /* AccountNotLogInViewController.swift */,
			);
			path = UsersView;
			sourceTree = "<group>";
		};
		D588AD472067D1540077956D /* cell */ = {
			isa = PBXGroup;
			children = (
				D588AD482067D1A50077956D /* TableViewCell.swift */,
				D588AD492067D1A50077956D /* TableViewCell.xib */,
			);
			path = cell;
			sourceTree = "<group>";
		};
		D5EE5EE4207F376E0064B5A6 /* AdminView */ = {
			isa = PBXGroup;
			children = (
				D51A13BB2073F2A100C9B28F /* AddNewProductViewController.swift */,
				D5DD048F2074C70C00C2A9DA /* ProductsTableViewController.swift */,
				D5DD04912074C8D100C2A9DA /* Products.swift */,
				D5A05096207211E300B45F68 /* AddNewAdminViewController.swift */,
				D5EE5EE2207F36BC0064B5A6 /* ProductsRequestTableViewController.swift */,
			);
			path = AdminView;
			sourceTree = "<group>";
		};
/* End PBXGroup section */

/* Begin PBXNativeTarget section */
		D515B9442056CA8F00CAE5C7 /* Apatite */ = {
			isa = PBXNativeTarget;
			buildConfigurationList = D515B96D2056CA8F00CAE5C7 /* Build configuration list for PBXNativeTarget "Apatite" */;
			buildPhases = (
				FA185119D6CFE9E686058092 /* [CP] Check Pods Manifest.lock */,
				D515B9412056CA8F00CAE5C7 /* Sources */,
				D515B9422056CA8F00CAE5C7 /* Frameworks */,
				D515B9432056CA8F00CAE5C7 /* Resources */,
				8821E432217C7E7CED5EF88B /* [CP] Embed Pods Frameworks */,
				106E4C39097F6874B2D39A97 /* [CP] Copy Pods Resources */,
			);
			buildRules = (
			);
			dependencies = (
			);
			name = Apatite;
			productName = Apatite;
			productReference = D515B9452056CA8F00CAE5C7 /* Apatite.app */;
			productType = "com.apple.product-type.application";
		};
		D515B9582056CA8F00CAE5C7 /* ApatiteTests */ = {
			isa = PBXNativeTarget;
			buildConfigurationList = D515B9702056CA8F00CAE5C7 /* Build configuration list for PBXNativeTarget "ApatiteTests" */;
			buildPhases = (
				7D38CBF059AF1B04CA1D0510 /* [CP] Check Pods Manifest.lock */,
				D515B9552056CA8F00CAE5C7 /* Sources */,
				D515B9562056CA8F00CAE5C7 /* Frameworks */,
				D515B9572056CA8F00CAE5C7 /* Resources */,
				30A7B29DABC718F220CF0716 /* [CP] Embed Pods Frameworks */,
				08BE7C2E195AD71FF661E456 /* [CP] Copy Pods Resources */,
			);
			buildRules = (
			);
			dependencies = (
				D515B95B2056CA8F00CAE5C7 /* PBXTargetDependency */,
			);
			name = ApatiteTests;
			productName = ApatiteTests;
			productReference = D515B9592056CA8F00CAE5C7 /* ApatiteTests.xctest */;
			productType = "com.apple.product-type.bundle.unit-test";
		};
		D515B9632056CA8F00CAE5C7 /* ApatiteUITests */ = {
			isa = PBXNativeTarget;
			buildConfigurationList = D515B9732056CA8F00CAE5C7 /* Build configuration list for PBXNativeTarget "ApatiteUITests" */;
			buildPhases = (
				0006B8CA28CECB12639FF784 /* [CP] Check Pods Manifest.lock */,
				D515B9602056CA8F00CAE5C7 /* Sources */,
				D515B9612056CA8F00CAE5C7 /* Frameworks */,
				D515B9622056CA8F00CAE5C7 /* Resources */,
				FD3D20B67989248C96528693 /* [CP] Embed Pods Frameworks */,
				ECDA6E9E451CC399AF94F680 /* [CP] Copy Pods Resources */,
			);
			buildRules = (
			);
			dependencies = (
				D515B9662056CA8F00CAE5C7 /* PBXTargetDependency */,
			);
			name = ApatiteUITests;
			productName = ApatiteUITests;
			productReference = D515B9642056CA8F00CAE5C7 /* ApatiteUITests.xctest */;
			productType = "com.apple.product-type.bundle.ui-testing";
		};
/* End PBXNativeTarget section */

/* Begin PBXProject section */
		D515B93D2056CA8E00CAE5C7 /* Project object */ = {
			isa = PBXProject;
			attributes = {
				LastSwiftUpdateCheck = 0920;
				LastUpgradeCheck = 0920;
				ORGANIZATIONNAME = "Amal Alqadhibi";
				TargetAttributes = {
					D515B9442056CA8F00CAE5C7 = {
						CreatedOnToolsVersion = 9.2;
						ProvisioningStyle = Automatic;
					};
					D515B9582056CA8F00CAE5C7 = {
						CreatedOnToolsVersion = 9.2;
						ProvisioningStyle = Automatic;
						TestTargetID = D515B9442056CA8F00CAE5C7;
					};
					D515B9632056CA8F00CAE5C7 = {
						CreatedOnToolsVersion = 9.2;
						ProvisioningStyle = Automatic;
						TestTargetID = D515B9442056CA8F00CAE5C7;
					};
				};
			};
			buildConfigurationList = D515B9402056CA8E00CAE5C7 /* Build configuration list for PBXProject "Apatite" */;
			compatibilityVersion = "Xcode 8.0";
			developmentRegion = en;
			hasScannedForEncodings = 0;
			knownRegions = (
				en,
				Base,
			);
			mainGroup = D515B93C2056CA8E00CAE5C7;
			productRefGroup = D515B9462056CA8F00CAE5C7 /* Products */;
			projectDirPath = "";
			projectRoot = "";
			targets = (
				D515B9442056CA8F00CAE5C7 /* Apatite */,
				D515B9582056CA8F00CAE5C7 /* ApatiteTests */,
				D515B9632056CA8F00CAE5C7 /* ApatiteUITests */,
			);
		};
/* End PBXProject section */

/* Begin PBXResourcesBuildPhase section */
		D515B9432056CA8F00CAE5C7 /* Resources */ = {
			isa = PBXResourcesBuildPhase;
			buildActionMask = 2147483647;
			files = (
				D515B9532056CA8F00CAE5C7 /* LaunchScreen.storyboard in Resources */,
				D577522A205D1CFB00370969 /* Poppins-Bold.ttf in Resources */,
				D588AD4B2067D1A50077956D /* TableViewCell.xib in Resources */,
				D59A6A93207B6EA8008FF417 /* GoogleService-Info.plist in Resources */,
				D5775228205D1BF400370969 /* Poppins-Light.ttf in Resources */,
				D54DA3532067FF9700B9A079 /* Assets.xcassets in Resources */,
				D515B94E2056CA8F00CAE5C7 /* Main.storyboard in Resources */,
			);
			runOnlyForDeploymentPostprocessing = 0;
		};
		D515B9572056CA8F00CAE5C7 /* Resources */ = {
			isa = PBXResourcesBuildPhase;
			buildActionMask = 2147483647;
			files = (
			);
			runOnlyForDeploymentPostprocessing = 0;
		};
		D515B9622056CA8F00CAE5C7 /* Resources */ = {
			isa = PBXResourcesBuildPhase;
			buildActionMask = 2147483647;
			files = (
			);
			runOnlyForDeploymentPostprocessing = 0;
		};
/* End PBXResourcesBuildPhase section */

/* Begin PBXShellScriptBuildPhase section */
		0006B8CA28CECB12639FF784 /* [CP] Check Pods Manifest.lock */ = {
			isa = PBXShellScriptBuildPhase;
			buildActionMask = 2147483647;
			files = (
			);
			inputPaths = (
				"${PODS_PODFILE_DIR_PATH}/Podfile.lock",
				"${PODS_ROOT}/Manifest.lock",
			);
			name = "[CP] Check Pods Manifest.lock";
			outputPaths = (
				"$(DERIVED_FILE_DIR)/Pods-ApatiteUITests-checkManifestLockResult.txt",
			);
			runOnlyForDeploymentPostprocessing = 0;
			shellPath = /bin/sh;
			shellScript = "diff \"${PODS_PODFILE_DIR_PATH}/Podfile.lock\" \"${PODS_ROOT}/Manifest.lock\" > /dev/null\nif [ $? != 0 ] ; then\n    # print error to STDERR\n    echo \"error: The sandbox is not in sync with the Podfile.lock. Run 'pod install' or update your CocoaPods installation.\" >&2\n    exit 1\nfi\n# This output is used by Xcode 'outputs' to avoid re-running this script phase.\necho \"SUCCESS\" > \"${SCRIPT_OUTPUT_FILE_0}\"\n";
			showEnvVarsInLog = 0;
		};
		08BE7C2E195AD71FF661E456 /* [CP] Copy Pods Resources */ = {
			isa = PBXShellScriptBuildPhase;
			buildActionMask = 2147483647;
			files = (
			);
			inputPaths = (
			);
			name = "[CP] Copy Pods Resources";
			outputPaths = (
			);
			runOnlyForDeploymentPostprocessing = 0;
			shellPath = /bin/sh;
			shellScript = "\"${SRCROOT}/Pods/Target Support Files/Pods-ApatiteTests/Pods-ApatiteTests-resources.sh\"\n";
			showEnvVarsInLog = 0;
		};
		106E4C39097F6874B2D39A97 /* [CP] Copy Pods Resources */ = {
			isa = PBXShellScriptBuildPhase;
			buildActionMask = 2147483647;
			files = (
			);
			inputPaths = (
			);
			name = "[CP] Copy Pods Resources";
			outputPaths = (
			);
			runOnlyForDeploymentPostprocessing = 0;
			shellPath = /bin/sh;
			shellScript = "\"${SRCROOT}/Pods/Target Support Files/Pods-Apatite/Pods-Apatite-resources.sh\"\n";
			showEnvVarsInLog = 0;
		};
		30A7B29DABC718F220CF0716 /* [CP] Embed Pods Frameworks */ = {
			isa = PBXShellScriptBuildPhase;
			buildActionMask = 2147483647;
			files = (
			);
			inputPaths = (
			);
			name = "[CP] Embed Pods Frameworks";
			outputPaths = (
			);
			runOnlyForDeploymentPostprocessing = 0;
			shellPath = /bin/sh;
			shellScript = "\"${SRCROOT}/Pods/Target Support Files/Pods-ApatiteTests/Pods-ApatiteTests-frameworks.sh\"\n";
			showEnvVarsInLog = 0;
		};
		7D38CBF059AF1B04CA1D0510 /* [CP] Check Pods Manifest.lock */ = {
			isa = PBXShellScriptBuildPhase;
			buildActionMask = 2147483647;
			files = (
			);
			inputPaths = (
				"${PODS_PODFILE_DIR_PATH}/Podfile.lock",
				"${PODS_ROOT}/Manifest.lock",
			);
			name = "[CP] Check Pods Manifest.lock";
			outputPaths = (
				"$(DERIVED_FILE_DIR)/Pods-ApatiteTests-checkManifestLockResult.txt",
			);
			runOnlyForDeploymentPostprocessing = 0;
			shellPath = /bin/sh;
			shellScript = "diff \"${PODS_PODFILE_DIR_PATH}/Podfile.lock\" \"${PODS_ROOT}/Manifest.lock\" > /dev/null\nif [ $? != 0 ] ; then\n    # print error to STDERR\n    echo \"error: The sandbox is not in sync with the Podfile.lock. Run 'pod install' or update your CocoaPods installation.\" >&2\n    exit 1\nfi\n# This output is used by Xcode 'outputs' to avoid re-running this script phase.\necho \"SUCCESS\" > \"${SCRIPT_OUTPUT_FILE_0}\"\n";
			showEnvVarsInLog = 0;
		};
		8821E432217C7E7CED5EF88B /* [CP] Embed Pods Frameworks */ = {
			isa = PBXShellScriptBuildPhase;
			buildActionMask = 2147483647;
			files = (
			);
			inputPaths = (
				"${SRCROOT}/Pods/Target Support Files/Pods-Apatite/Pods-Apatite-frameworks.sh",
				"${BUILT_PRODUCTS_DIR}/GTMSessionFetcher/GTMSessionFetcher.framework",
				"${BUILT_PRODUCTS_DIR}/GoogleToolboxForMac/GoogleToolboxForMac.framework",
				"${BUILT_PRODUCTS_DIR}/Letters/Letters.framework",
				"${BUILT_PRODUCTS_DIR}/SwiftyJSON/SwiftyJSON.framework",
				"${BUILT_PRODUCTS_DIR}/leveldb-library/leveldb.framework",
				"${BUILT_PRODUCTS_DIR}/nanopb/nanopb.framework",
			);
			name = "[CP] Embed Pods Frameworks";
			outputPaths = (
				"${TARGET_BUILD_DIR}/${FRAMEWORKS_FOLDER_PATH}/GTMSessionFetcher.framework",
				"${TARGET_BUILD_DIR}/${FRAMEWORKS_FOLDER_PATH}/GoogleToolboxForMac.framework",
				"${TARGET_BUILD_DIR}/${FRAMEWORKS_FOLDER_PATH}/Letters.framework",
				"${TARGET_BUILD_DIR}/${FRAMEWORKS_FOLDER_PATH}/SwiftyJSON.framework",
				"${TARGET_BUILD_DIR}/${FRAMEWORKS_FOLDER_PATH}/leveldb.framework",
				"${TARGET_BUILD_DIR}/${FRAMEWORKS_FOLDER_PATH}/nanopb.framework",
			);
			runOnlyForDeploymentPostprocessing = 0;
			shellPath = /bin/sh;
			shellScript = "\"${SRCROOT}/Pods/Target Support Files/Pods-Apatite/Pods-Apatite-frameworks.sh\"\n";
			showEnvVarsInLog = 0;
		};
		ECDA6E9E451CC399AF94F680 /* [CP] Copy Pods Resources */ = {
			isa = PBXShellScriptBuildPhase;
			buildActionMask = 2147483647;
			files = (
			);
			inputPaths = (
			);
			name = "[CP] Copy Pods Resources";
			outputPaths = (
			);
			runOnlyForDeploymentPostprocessing = 0;
			shellPath = /bin/sh;
			shellScript = "\"${SRCROOT}/Pods/Target Support Files/Pods-ApatiteUITests/Pods-ApatiteUITests-resources.sh\"\n";
			showEnvVarsInLog = 0;
		};
		FA185119D6CFE9E686058092 /* [CP] Check Pods Manifest.lock */ = {
			isa = PBXShellScriptBuildPhase;
			buildActionMask = 2147483647;
			files = (
			);
			inputPaths = (
				"${PODS_PODFILE_DIR_PATH}/Podfile.lock",
				"${PODS_ROOT}/Manifest.lock",
			);
			name = "[CP] Check Pods Manifest.lock";
			outputPaths = (
				"$(DERIVED_FILE_DIR)/Pods-Apatite-checkManifestLockResult.txt",
			);
			runOnlyForDeploymentPostprocessing = 0;
			shellPath = /bin/sh;
			shellScript = "diff \"${PODS_PODFILE_DIR_PATH}/Podfile.lock\" \"${PODS_ROOT}/Manifest.lock\" > /dev/null\nif [ $? != 0 ] ; then\n    # print error to STDERR\n    echo \"error: The sandbox is not in sync with the Podfile.lock. Run 'pod install' or update your CocoaPods installation.\" >&2\n    exit 1\nfi\n# This output is used by Xcode 'outputs' to avoid re-running this script phase.\necho \"SUCCESS\" > \"${SCRIPT_OUTPUT_FILE_0}\"\n";
			showEnvVarsInLog = 0;
		};
		FD3D20B67989248C96528693 /* [CP] Embed Pods Frameworks */ = {
			isa = PBXShellScriptBuildPhase;
			buildActionMask = 2147483647;
			files = (
			);
			inputPaths = (
			);
			name = "[CP] Embed Pods Frameworks";
			outputPaths = (
			);
			runOnlyForDeploymentPostprocessing = 0;
			shellPath = /bin/sh;
			shellScript = "\"${SRCROOT}/Pods/Target Support Files/Pods-ApatiteUITests/Pods-ApatiteUITests-frameworks.sh\"\n";
			showEnvVarsInLog = 0;
		};
/* End PBXShellScriptBuildPhase section */

/* Begin PBXSourcesBuildPhase section */
		D515B9412056CA8F00CAE5C7 /* Sources */ = {
			isa = PBXSourcesBuildPhase;
			buildActionMask = 2147483647;
			files = (
				D577522C205D6C4D00370969 /* LoginViewController.swift in Sources */,
				D500C276205C27B500637752 /* SignUpViewController.swift in Sources */,
				D54491502070BD770033B3A3 /* TabBarViewController.swift in Sources */,
				D5259CF62087A52200A68CA4 /* ChangePassViewController.swift in Sources */,
				D577522E205D7D2400370969 /* ResetPasswordViewController.swift in Sources */,
				D5C00A1E2076C4440081F9F4 /* UserAccountTableViewController.swift in Sources */,
				D588AD4A2067D1A50077956D /* TableViewCell.swift in Sources */,
				D5DD04902074C70C00C2A9DA /* ProductsTableViewController.swift in Sources */,
				D5DD04922074C8D100C2A9DA /* Products.swift in Sources */,
				D5A05097207211E300B45F68 /* AddNewAdminViewController.swift in Sources */,
				D5D83365206E71C50099B965 /* AccountNotLogInViewController.swift in Sources */,
				01F38768207F3E2900A34149 /* SearchViewController.swift in Sources */,
				D5EE5EE3207F36BC0064B5A6 /* ProductsRequestTableViewController.swift in Sources */,
				D515B94B2056CA8F00CAE5C7 /* ViewController.swift in Sources */,
				CA35F4B9208814BE00148945 /* Extention.swift in Sources */,
				D5A05095207189F400B45F68 /* AddToBagViewController.swift in Sources */,
				D5259CF82087A56C00A68CA4 /* MyDetailsViewController.swift in Sources */,
				01F38764207F3CF600A34149 /* HomeViewControler.swift in Sources */,
				D556108C2076C1F4005C5E6E /* MyProductsTableViewController.swift in Sources */,
				D515B9492056CA8F00CAE5C7 /* AppDelegate.swift in Sources */,
				D5C7A209206102DB00E08CD0 /* UserAccountViewController.swift in Sources */,
				01F38766207F3D0500A34149 /* FormViewController.swift in Sources */,
				D51A13BC2073F2A100C9B28F /* AddNewProductViewController.swift in Sources */,
			);
			runOnlyForDeploymentPostprocessing = 0;
		};
		D515B9552056CA8F00CAE5C7 /* Sources */ = {
			isa = PBXSourcesBuildPhase;
			buildActionMask = 2147483647;
			files = (
				D515B95E2056CA8F00CAE5C7 /* ApatiteTests.swift in Sources */,
			);
			runOnlyForDeploymentPostprocessing = 0;
		};
		D515B9602056CA8F00CAE5C7 /* Sources */ = {
			isa = PBXSourcesBuildPhase;
			buildActionMask = 2147483647;
			files = (
				D515B9692056CA8F00CAE5C7 /* ApatiteUITests.swift in Sources */,
			);
			runOnlyForDeploymentPostprocessing = 0;
		};
/* End PBXSourcesBuildPhase section */

/* Begin PBXTargetDependency section */
		D515B95B2056CA8F00CAE5C7 /* PBXTargetDependency */ = {
			isa = PBXTargetDependency;
			target = D515B9442056CA8F00CAE5C7 /* Apatite */;
			targetProxy = D515B95A2056CA8F00CAE5C7 /* PBXContainerItemProxy */;
		};
		D515B9662056CA8F00CAE5C7 /* PBXTargetDependency */ = {
			isa = PBXTargetDependency;
			target = D515B9442056CA8F00CAE5C7 /* Apatite */;
			targetProxy = D515B9652056CA8F00CAE5C7 /* PBXContainerItemProxy */;
		};
/* End PBXTargetDependency section */

/* Begin PBXVariantGroup section */
		D515B94C2056CA8F00CAE5C7 /* Main.storyboard */ = {
			isa = PBXVariantGroup;
			children = (
				D515B94D2056CA8F00CAE5C7 /* Base */,
			);
			name = Main.storyboard;
			sourceTree = "<group>";
		};
		D515B9512056CA8F00CAE5C7 /* LaunchScreen.storyboard */ = {
			isa = PBXVariantGroup;
			children = (
				D515B9522056CA8F00CAE5C7 /* Base */,
			);
			name = LaunchScreen.storyboard;
			sourceTree = "<group>";
		};
/* End PBXVariantGroup section */

/* Begin XCBuildConfiguration section */
		D515B96B2056CA8F00CAE5C7 /* Debug */ = {
			isa = XCBuildConfiguration;
			buildSettings = {
				ALWAYS_SEARCH_USER_PATHS = NO;
				CLANG_ANALYZER_NONNULL = YES;
				CLANG_ANALYZER_NUMBER_OBJECT_CONVERSION = YES_AGGRESSIVE;
				CLANG_CXX_LANGUAGE_STANDARD = "gnu++14";
				CLANG_CXX_LIBRARY = "libc++";
				CLANG_ENABLE_MODULES = YES;
				CLANG_ENABLE_OBJC_ARC = YES;
				CLANG_WARN_BLOCK_CAPTURE_AUTORELEASING = YES;
				CLANG_WARN_BOOL_CONVERSION = YES;
				CLANG_WARN_COMMA = YES;
				CLANG_WARN_CONSTANT_CONVERSION = YES;
				CLANG_WARN_DIRECT_OBJC_ISA_USAGE = YES_ERROR;
				CLANG_WARN_DOCUMENTATION_COMMENTS = YES;
				CLANG_WARN_EMPTY_BODY = YES;
				CLANG_WARN_ENUM_CONVERSION = YES;
				CLANG_WARN_INFINITE_RECURSION = YES;
				CLANG_WARN_INT_CONVERSION = YES;
				CLANG_WARN_NON_LITERAL_NULL_CONVERSION = YES;
				CLANG_WARN_OBJC_LITERAL_CONVERSION = YES;
				CLANG_WARN_OBJC_ROOT_CLASS = YES_ERROR;
				CLANG_WARN_RANGE_LOOP_ANALYSIS = YES;
				CLANG_WARN_STRICT_PROTOTYPES = YES;
				CLANG_WARN_SUSPICIOUS_MOVE = YES;
				CLANG_WARN_UNGUARDED_AVAILABILITY = YES_AGGRESSIVE;
				CLANG_WARN_UNREACHABLE_CODE = YES;
				CLANG_WARN__DUPLICATE_METHOD_MATCH = YES;
				CODE_SIGN_IDENTITY = "iPhone Developer";
				COPY_PHASE_STRIP = NO;
				DEBUG_INFORMATION_FORMAT = dwarf;
				ENABLE_STRICT_OBJC_MSGSEND = YES;
				ENABLE_TESTABILITY = YES;
				GCC_C_LANGUAGE_STANDARD = gnu11;
				GCC_DYNAMIC_NO_PIC = NO;
				GCC_NO_COMMON_BLOCKS = YES;
				GCC_OPTIMIZATION_LEVEL = 0;
				GCC_PREPROCESSOR_DEFINITIONS = (
					"DEBUG=1",
					"$(inherited)",
				);
				GCC_WARN_64_TO_32_BIT_CONVERSION = YES;
				GCC_WARN_ABOUT_RETURN_TYPE = YES_ERROR;
				GCC_WARN_UNDECLARED_SELECTOR = YES;
				GCC_WARN_UNINITIALIZED_AUTOS = YES_AGGRESSIVE;
				GCC_WARN_UNUSED_FUNCTION = YES;
				GCC_WARN_UNUSED_VARIABLE = YES;
				IPHONEOS_DEPLOYMENT_TARGET = 11.2;
				MTL_ENABLE_DEBUG_INFO = YES;
				ONLY_ACTIVE_ARCH = YES;
				SDKROOT = iphoneos;
				SWIFT_ACTIVE_COMPILATION_CONDITIONS = DEBUG;
				SWIFT_OPTIMIZATION_LEVEL = "-Onone";
			};
			name = Debug;
		};
		D515B96C2056CA8F00CAE5C7 /* Release */ = {
			isa = XCBuildConfiguration;
			buildSettings = {
				ALWAYS_SEARCH_USER_PATHS = NO;
				CLANG_ANALYZER_NONNULL = YES;
				CLANG_ANALYZER_NUMBER_OBJECT_CONVERSION = YES_AGGRESSIVE;
				CLANG_CXX_LANGUAGE_STANDARD = "gnu++14";
				CLANG_CXX_LIBRARY = "libc++";
				CLANG_ENABLE_MODULES = YES;
				CLANG_ENABLE_OBJC_ARC = YES;
				CLANG_WARN_BLOCK_CAPTURE_AUTORELEASING = YES;
				CLANG_WARN_BOOL_CONVERSION = YES;
				CLANG_WARN_COMMA = YES;
				CLANG_WARN_CONSTANT_CONVERSION = YES;
				CLANG_WARN_DIRECT_OBJC_ISA_USAGE = YES_ERROR;
				CLANG_WARN_DOCUMENTATION_COMMENTS = YES;
				CLANG_WARN_EMPTY_BODY = YES;
				CLANG_WARN_ENUM_CONVERSION = YES;
				CLANG_WARN_INFINITE_RECURSION = YES;
				CLANG_WARN_INT_CONVERSION = YES;
				CLANG_WARN_NON_LITERAL_NULL_CONVERSION = YES;
				CLANG_WARN_OBJC_LITERAL_CONVERSION = YES;
				CLANG_WARN_OBJC_ROOT_CLASS = YES_ERROR;
				CLANG_WARN_RANGE_LOOP_ANALYSIS = YES;
				CLANG_WARN_STRICT_PROTOTYPES = YES;
				CLANG_WARN_SUSPICIOUS_MOVE = YES;
				CLANG_WARN_UNGUARDED_AVAILABILITY = YES_AGGRESSIVE;
				CLANG_WARN_UNREACHABLE_CODE = YES;
				CLANG_WARN__DUPLICATE_METHOD_MATCH = YES;
				CODE_SIGN_IDENTITY = "iPhone Developer";
				COPY_PHASE_STRIP = NO;
				DEBUG_INFORMATION_FORMAT = "dwarf-with-dsym";
				ENABLE_NS_ASSERTIONS = NO;
				ENABLE_STRICT_OBJC_MSGSEND = YES;
				GCC_C_LANGUAGE_STANDARD = gnu11;
				GCC_NO_COMMON_BLOCKS = YES;
				GCC_WARN_64_TO_32_BIT_CONVERSION = YES;
				GCC_WARN_ABOUT_RETURN_TYPE = YES_ERROR;
				GCC_WARN_UNDECLARED_SELECTOR = YES;
				GCC_WARN_UNINITIALIZED_AUTOS = YES_AGGRESSIVE;
				GCC_WARN_UNUSED_FUNCTION = YES;
				GCC_WARN_UNUSED_VARIABLE = YES;
				IPHONEOS_DEPLOYMENT_TARGET = 11.2;
				MTL_ENABLE_DEBUG_INFO = NO;
				SDKROOT = iphoneos;
				SWIFT_OPTIMIZATION_LEVEL = "-Owholemodule";
				VALIDATE_PRODUCT = YES;
			};
			name = Release;
		};
		D515B96E2056CA8F00CAE5C7 /* Debug */ = {
			isa = XCBuildConfiguration;
			baseConfigurationReference = 68CFCD81037FBE519FBDF6EA /* Pods-Apatite.debug.xcconfig */;
			buildSettings = {
				ASSETCATALOG_COMPILER_APPICON_NAME = AppIcon;
				CODE_SIGN_STYLE = Automatic;
				DEVELOPMENT_TEAM = "";
				INFOPLIST_FILE = Apatite/Info.plist;
				IPHONEOS_DEPLOYMENT_TARGET = 10.3;
				LD_RUNPATH_SEARCH_PATHS = "$(inherited) @executable_path/Frameworks";
				PRODUCT_BUNDLE_IDENTIFIER = Apatite.Apatite;
				PRODUCT_NAME = "$(TARGET_NAME)";
				SWIFT_VERSION = 4.0;
				TARGETED_DEVICE_FAMILY = "1,2";
			};
			name = Debug;
		};
		D515B96F2056CA8F00CAE5C7 /* Release */ = {
			isa = XCBuildConfiguration;
			baseConfigurationReference = 70B80243B25B5C9220676BEA /* Pods-Apatite.release.xcconfig */;
			buildSettings = {
				ASSETCATALOG_COMPILER_APPICON_NAME = AppIcon;
				CODE_SIGN_STYLE = Automatic;
				DEVELOPMENT_TEAM = "";
				INFOPLIST_FILE = Apatite/Info.plist;
				IPHONEOS_DEPLOYMENT_TARGET = 10.3;
				LD_RUNPATH_SEARCH_PATHS = "$(inherited) @executable_path/Frameworks";
				PRODUCT_BUNDLE_IDENTIFIER = Apatite.Apatite;
				PRODUCT_NAME = "$(TARGET_NAME)";
				SWIFT_VERSION = 4.0;
				TARGETED_DEVICE_FAMILY = "1,2";
			};
			name = Release;
		};
		D515B9712056CA8F00CAE5C7 /* Debug */ = {
			isa = XCBuildConfiguration;
			baseConfigurationReference = 369B9B04FC9F0FBEB26B02CA /* Pods-ApatiteTests.debug.xcconfig */;
			buildSettings = {
				ALWAYS_EMBED_SWIFT_STANDARD_LIBRARIES = YES;
				BUNDLE_LOADER = "$(TEST_HOST)";
				CODE_SIGN_STYLE = Automatic;
				INFOPLIST_FILE = ApatiteTests/Info.plist;
				LD_RUNPATH_SEARCH_PATHS = "$(inherited) @executable_path/Frameworks @loader_path/Frameworks";
				PRODUCT_BUNDLE_IDENTIFIER = Apatite.ApatiteTests;
				PRODUCT_NAME = "$(TARGET_NAME)";
				SWIFT_VERSION = 4.0;
				TARGETED_DEVICE_FAMILY = "1,2";
				TEST_HOST = "$(BUILT_PRODUCTS_DIR)/Apatite.app/Apatite";
			};
			name = Debug;
		};
		D515B9722056CA8F00CAE5C7 /* Release */ = {
			isa = XCBuildConfiguration;
			baseConfigurationReference = 6572DA15516E6B44F5F246F4 /* Pods-ApatiteTests.release.xcconfig */;
			buildSettings = {
				ALWAYS_EMBED_SWIFT_STANDARD_LIBRARIES = YES;
				BUNDLE_LOADER = "$(TEST_HOST)";
				CODE_SIGN_STYLE = Automatic;
				INFOPLIST_FILE = ApatiteTests/Info.plist;
				LD_RUNPATH_SEARCH_PATHS = "$(inherited) @executable_path/Frameworks @loader_path/Frameworks";
				PRODUCT_BUNDLE_IDENTIFIER = Apatite.ApatiteTests;
				PRODUCT_NAME = "$(TARGET_NAME)";
				SWIFT_VERSION = 4.0;
				TARGETED_DEVICE_FAMILY = "1,2";
				TEST_HOST = "$(BUILT_PRODUCTS_DIR)/Apatite.app/Apatite";
			};
			name = Release;
		};
		D515B9742056CA8F00CAE5C7 /* Debug */ = {
			isa = XCBuildConfiguration;
			baseConfigurationReference = 467961E02371C907C0164FA6 /* Pods-ApatiteUITests.debug.xcconfig */;
			buildSettings = {
				ALWAYS_EMBED_SWIFT_STANDARD_LIBRARIES = YES;
				CODE_SIGN_STYLE = Automatic;
				INFOPLIST_FILE = ApatiteUITests/Info.plist;
				LD_RUNPATH_SEARCH_PATHS = "$(inherited) @executable_path/Frameworks @loader_path/Frameworks";
				PRODUCT_BUNDLE_IDENTIFIER = Apatite.ApatiteUITests;
				PRODUCT_NAME = "$(TARGET_NAME)";
				SWIFT_VERSION = 4.0;
				TARGETED_DEVICE_FAMILY = "1,2";
				TEST_TARGET_NAME = Apatite;
			};
			name = Debug;
		};
		D515B9752056CA8F00CAE5C7 /* Release */ = {
			isa = XCBuildConfiguration;
			baseConfigurationReference = 35D1690742B82EE998F99147 /* Pods-ApatiteUITests.release.xcconfig */;
			buildSettings = {
				ALWAYS_EMBED_SWIFT_STANDARD_LIBRARIES = YES;
				CODE_SIGN_STYLE = Automatic;
				INFOPLIST_FILE = ApatiteUITests/Info.plist;
				LD_RUNPATH_SEARCH_PATHS = "$(inherited) @executable_path/Frameworks @loader_path/Frameworks";
				PRODUCT_BUNDLE_IDENTIFIER = Apatite.ApatiteUITests;
				PRODUCT_NAME = "$(TARGET_NAME)";
				SWIFT_VERSION = 4.0;
				TARGETED_DEVICE_FAMILY = "1,2";
				TEST_TARGET_NAME = Apatite;
			};
			name = Release;
		};
/* End XCBuildConfiguration section */

/* Begin XCConfigurationList section */
		D515B9402056CA8E00CAE5C7 /* Build configuration list for PBXProject "Apatite" */ = {
			isa = XCConfigurationList;
			buildConfigurations = (
				D515B96B2056CA8F00CAE5C7 /* Debug */,
				D515B96C2056CA8F00CAE5C7 /* Release */,
			);
			defaultConfigurationIsVisible = 0;
			defaultConfigurationName = Release;
		};
		D515B96D2056CA8F00CAE5C7 /* Build configuration list for PBXNativeTarget "Apatite" */ = {
			isa = XCConfigurationList;
			buildConfigurations = (
				D515B96E2056CA8F00CAE5C7 /* Debug */,
				D515B96F2056CA8F00CAE5C7 /* Release */,
			);
			defaultConfigurationIsVisible = 0;
			defaultConfigurationName = Release;
		};
		D515B9702056CA8F00CAE5C7 /* Build configuration list for PBXNativeTarget "ApatiteTests" */ = {
			isa = XCConfigurationList;
			buildConfigurations = (
				D515B9712056CA8F00CAE5C7 /* Debug */,
				D515B9722056CA8F00CAE5C7 /* Release */,
			);
			defaultConfigurationIsVisible = 0;
			defaultConfigurationName = Release;
		};
		D515B9732056CA8F00CAE5C7 /* Build configuration list for PBXNativeTarget "ApatiteUITests" */ = {
			isa = XCConfigurationList;
			buildConfigurations = (
				D515B9742056CA8F00CAE5C7 /* Debug */,
				D515B9752056CA8F00CAE5C7 /* Release */,
			);
			defaultConfigurationIsVisible = 0;
			defaultConfigurationName = Release;
		};
/* End XCConfigurationList section */
	};
	rootObject = D515B93D2056CA8E00CAE5C7 /* Project object */;
}
